
Microsoft Visual Studio Solution File, Format Version 12.00
# Visual Studio Version 16
VisualStudioVersion = 16.0.30717.126
MinimumVisualStudioVersion = 10.0.40219.1
Project("{2150E333-8FDC-42A3-9474-1A3956D46DE8}") = "Solution Items", "Solution Items", "{CCFCE2DB-C18F-4D88-B025-19ED62BD2A1D}"
	ProjectSection(SolutionItems) = preProject
		.editorconfig = .editorconfig
		changelog.md = changelog.md
		README.md = README.md
		CSTNet.sln.licenseheader = CSTNet.sln.licenseheader
		usage.md = usage.md
	EndProjectSection
EndProject
Project("{9A19103F-16F7-4668-BE54-9A1E7A4F7556}") = "CSTNet", "CSTNet\CSTNet.csproj", "{C5372E74-D1DF-4D15-B597-D1F517ECD0D8}"
EndProject
Project("{9A19103F-16F7-4668-BE54-9A1E7A4F7556}") = "CSTNet.Tests", "CSTNet.Tests\CSTNet.Tests.csproj", "{01A1A8E9-D83E-4877-8AEB-2FD0A298F049}"
EndProject
Global
	GlobalSection(SolutionConfigurationPlatforms) = preSolution
		Debug|Any CPU = Debug|Any CPU
		Release|Any CPU = Release|Any CPU
	EndGlobalSection
	GlobalSection(ProjectConfigurationPlatforms) = postSolution
		{C5372E74-D1DF-4D15-B597-D1F517ECD0D8}.Debug|Any CPU.ActiveCfg = Debug|Any CPU
		{C5372E74-D1DF-4D15-B597-D1F517ECD0D8}.Debug|Any CPU.Build.0 = Debug|Any CPU
		{C5372E74-D1DF-4D15-B597-D1F517ECD0D8}.Release|Any CPU.ActiveCfg = Release|Any CPU
		{C5372E74-D1DF-4D15-B597-D1F517ECD0D8}.Release|Any CPU.Build.0 = Release|Any CPU
		{01A1A8E9-D83E-4877-8AEB-2FD0A298F049}.Debug|Any CPU.ActiveCfg = Debug|Any CPU
		{01A1A8E9-D83E-4877-8AEB-2FD0A298F049}.Debug|Any CPU.Build.0 = Debug|Any CPU
		{01A1A8E9-D83E-4877-8AEB-2FD0A298F049}.Release|Any CPU.ActiveCfg = Release|Any CPU
		{01A1A8E9-D83E-4877-8AEB-2FD0A298F049}.Release|Any CPU.Build.0 = Release|Any CPU
	EndGlobalSection
	GlobalSection(SolutionProperties) = preSolution
		HideSolutionNode = FALSE
	EndGlobalSection
	GlobalSection(ExtensibilityGlobals) = postSolution
		SolutionGuid = {A18CFD76-A6E7-452F-A79F-8BA7D7ACF17D}
	EndGlobalSection
EndGlobal
